
Microsoft Visual Studio Solution File, Format Version 12.00
# Visual Studio 15
Project("{FAE04EC0-301F-11D3-BF4B-00C04F79EFBC}") = "Assembly-CSharp", "Assembly-CSharp.csproj", "{4217D28B-1672-C9D0-35EA-979224E3899B}"
EndProject
Project("{FAE04EC0-301F-11D3-BF4B-00C04F79EFBC}") = "Assembly-CSharp-Editor", "Assembly-CSharp-Editor.csproj", "{93DA724A-02DA-6551-8855-D3D3D2B38D25}"
EndProject
Global
	GlobalSection(SolutionConfigurationPlatforms) = preSolution
		Debug|Any CPU = Debug|Any CPU
		Release|Any CPU = Release|Any CPU
	EndGlobalSection
	GlobalSection(ProjectConfigurationPlatforms) = postSolution
		{4217D28B-1672-C9D0-35EA-979224E3899B}.Debug|Any CPU.ActiveCfg = Debug|Any CPU
		{4217D28B-1672-C9D0-35EA-979224E3899B}.Debug|Any CPU.Build.0 = Debug|Any CPU
		{4217D28B-1672-C9D0-35EA-979224E3899B}.Release|Any CPU.ActiveCfg = Release|Any CPU
		{4217D28B-1672-C9D0-35EA-979224E3899B}.Release|Any CPU.Build.0 = Release|Any CPU
		{93DA724A-02DA-6551-8855-D3D3D2B38D25}.Debug|Any CPU.ActiveCfg = Debug|Any CPU
		{93DA724A-02DA-6551-8855-D3D3D2B38D25}.Debug|Any CPU.Build.0 = Debug|Any CPU
		{93DA724A-02DA-6551-8855-D3D3D2B38D25}.Release|Any CPU.ActiveCfg = Release|Any CPU
		{93DA724A-02DA-6551-8855-D3D3D2B38D25}.Release|Any CPU.Build.0 = Release|Any CPU
	EndGlobalSection
	GlobalSection(SolutionProperties) = preSolution
		HideSolutionNode = FALSE
	EndGlobalSection
EndGlobal
